Microsoft Visual Studio Solution File, Format Version 12.00
# Visual Studio Version 17
VisualStudioVersion = 17.5.2.0
MinimumVisualStudioVersion = 10.0.40219.1
Project("{FAE04EC0-301F-11D3-BF4B-00C04F79EFBC}") = "p2p", "p2p\p2p.csproj", "{4C26C77A-D0FC-12B4-A4A7-451824142ADD}"
EndProject
Global
	GlobalSection(SolutionConfigurationPlatforms) = preSolution
		Debug|Any CPU = Debug|Any CPU
		Release|Any CPU = Release|Any CPU
	EndGlobalSection
	GlobalSection(ProjectConfigurationPlatforms) = postSolution
		{4C26C77A-D0FC-12B4-A4A7-451824142ADD}.Debug|Any CPU.ActiveCfg = Debug|Any CPU
		{4C26C77A-D0FC-12B4-A4A7-451824142ADD}.Debug|Any CPU.Build.0 = Debug|Any CPU
		{4C26C77A-D0FC-12B4-A4A7-451824142ADD}.Release|Any CPU.ActiveCfg = Release|Any CPU
		{4C26C77A-D0FC-12B4-A4A7-451824142ADD}.Release|Any CPU.Build.0 = Release|Any CPU
	EndGlobalSection
	GlobalSection(SolutionProperties) = preSolution
		HideSolutionNode = FALSE
	EndGlobalSection
	GlobalSection(ExtensibilityGlobals) = postSolution
		SolutionGuid = {D28E791E-5B34-4273-B877-5B05FD71C436}
	EndGlobalSection
EndGlobal
